
Microsoft Visual Studio Solution File, Format Version 12.00
# Visual Studio 2013
VisualStudioVersion = 12.0.30110.0
MinimumVisualStudioVersion = 10.0.40219.1
Project("{2150E333-8FDC-42A3-9474-1A3956D46DE8}") = ".nuget", ".nuget", "{6D08BC94-6AA0-4332-A623-0EA932A7DDA9}"
	ProjectSection(SolutionItems) = preProject
		.nuget\NuGet.config = .nuget\NuGet.config
		.nuget\NuGet.exe = .nuget\NuGet.exe
		.nuget\NuGet.targets = .nuget\NuGet.targets
	EndProjectSection
EndProject
Project("{FAE04EC0-301F-11D3-BF4B-00C04F79EFBC}") = "HansKindberg.DirectoryServices", "HansKindberg.DirectoryServices\HansKindberg.DirectoryServices.csproj", "{9032A737-6CDD-4877-9DB2-51CF9416FCA2}"
EndProject
Project("{FAE04EC0-301F-11D3-BF4B-00C04F79EFBC}") = "HansKindberg.DirectoryServices.ShimTests", "HansKindberg.DirectoryServices.ShimTests\HansKindberg.DirectoryServices.ShimTests.csproj", "{60516E10-AC95-49DD-9543-D232FA6DD5F1}"
EndProject
Project("{FAE04EC0-301F-11D3-BF4B-00C04F79EFBC}") = "HansKindberg.DirectoryServices.UnitTests", "HansKindberg.DirectoryServices.UnitTests\HansKindberg.DirectoryServices.UnitTests.csproj", "{BD999450-0D5B-4CD9-BF39-E416555D4DBD}"
EndProject
Project("{FAE04EC0-301F-11D3-BF4B-00C04F79EFBC}") = "HansKindberg.DirectoryServices.IntegrationTests", "HansKindberg.DirectoryServices.IntegrationTests\HansKindberg.DirectoryServices.IntegrationTests.csproj", "{1018E9DD-D0A3-4D5A-8266-B3C459A02A49}"
EndProject
Project("{2150E333-8FDC-42A3-9474-1A3956D46DE8}") = "Build", "Build", "{A25A449B-A8FD-405C-8C18-2939EBB02208}"
	ProjectSection(SolutionItems) = preProject
		Build\Build.props = Build\Build.props
		Build\Build.targets = Build\Build.targets
	EndProjectSection
EndProject
Project("{2150E333-8FDC-42A3-9474-1A3956D46DE8}") = "CodeAnalysis", "CodeAnalysis", "{AA78C202-4FC5-487B-9428-CD1C75FEE6F7}"
	ProjectSection(SolutionItems) = preProject
		CodeAnalysis\Solution.ruleset = CodeAnalysis\Solution.ruleset
		CodeAnalysis\Solution.Tests.ruleset = CodeAnalysis\Solution.Tests.ruleset
		CodeAnalysis\SolutionDictionary.xml = CodeAnalysis\SolutionDictionary.xml
		CodeAnalysis\SolutionSuppressions.cs = CodeAnalysis\SolutionSuppressions.cs
	EndProjectSection
EndProject
Project("{2150E333-8FDC-42A3-9474-1A3956D46DE8}") = "Documents", "Documents", "{CE5A5CCD-C5C3-4C43-9906-06F9A291C2AF}"
	ProjectSection(SolutionItems) = preProject
		ReadMe.md = ReadMe.md
	EndProjectSection
EndProject
Project("{2150E333-8FDC-42A3-9474-1A3956D46DE8}") = "Properties", "Properties", "{38BAD6FE-E752-44A9-AC4F-D06A401803B0}"
	ProjectSection(SolutionItems) = preProject
		Properties\Solution-AssemblyInfo.cs = Properties\Solution-AssemblyInfo.cs
	EndProjectSection
EndProject
Project("{2150E333-8FDC-42A3-9474-1A3956D46DE8}") = "Signing", "Signing", "{DA910D99-0C5C-423D-9CC8-134B53EB936B}"
	ProjectSection(SolutionItems) = preProject
		Signing\HansKindberg.snk = Signing\HansKindberg.snk
	EndProjectSection
EndProject
Global
	GlobalSection(SolutionConfigurationPlatforms) = preSolution
		Debug|Any CPU = Debug|Any CPU
		Release|Any CPU = Release|Any CPU
	EndGlobalSection
	GlobalSection(ProjectConfigurationPlatforms) = postSolution
		{9032A737-6CDD-4877-9DB2-51CF9416FCA2}.Debug|Any CPU.ActiveCfg = Debug|Any CPU
		{9032A737-6CDD-4877-9DB2-51CF9416FCA2}.Debug|Any CPU.Build.0 = Debug|Any CPU
		{9032A737-6CDD-4877-9DB2-51CF9416FCA2}.Release|Any CPU.ActiveCfg = Release|Any CPU
		{9032A737-6CDD-4877-9DB2-51CF9416FCA2}.Release|Any CPU.Build.0 = Release|Any CPU
		{60516E10-AC95-49DD-9543-D232FA6DD5F1}.Debug|Any CPU.ActiveCfg = Debug|Any CPU
		{60516E10-AC95-49DD-9543-D232FA6DD5F1}.Debug|Any CPU.Build.0 = Debug|Any CPU
		{60516E10-AC95-49DD-9543-D232FA6DD5F1}.Release|Any CPU.ActiveCfg = Release|Any CPU
		{60516E10-AC95-49DD-9543-D232FA6DD5F1}.Release|Any CPU.Build.0 = Release|Any CPU
		{BD999450-0D5B-4CD9-BF39-E416555D4DBD}.Debug|Any CPU.ActiveCfg = Debug|Any CPU
		{BD999450-0D5B-4CD9-BF39-E416555D4DBD}.Debug|Any CPU.Build.0 = Debug|Any CPU
		{BD999450-0D5B-4CD9-BF39-E416555D4DBD}.Release|Any CPU.ActiveCfg = Release|Any CPU
		{BD999450-0D5B-4CD9-BF39-E416555D4DBD}.Release|Any CPU.Build.0 = Release|Any CPU
		{1018E9DD-D0A3-4D5A-8266-B3C459A02A49}.Debug|Any CPU.ActiveCfg = Debug|Any CPU
		{1018E9DD-D0A3-4D5A-8266-B3C459A02A49}.Debug|Any CPU.Build.0 = Debug|Any CPU
		{1018E9DD-D0A3-4D5A-8266-B3C459A02A49}.Release|Any CPU.ActiveCfg = Release|Any CPU
		{1018E9DD-D0A3-4D5A-8266-B3C459A02A49}.Release|Any CPU.Build.0 = Release|Any CPU
	EndGlobalSection
	GlobalSection(SolutionProperties) = preSolution
		HideSolutionNode = FALSE
	EndGlobalSection
EndGlobal
